// !$*UTF8*$!
{
	archiveVersion = 1;
	classes = {
	};
	objectVersion = 51;
	objects = {

/* Begin PBXBuildFile section */
		140472A4245966C6000367DA /* AppDelegate.swift in Sources */ = {isa = PBXBuildFile; fileRef = 140472A3245966C6000367DA /* AppDelegate.swift */; };
		140472AB245966C6000367DA /* Main.storyboard in Resources */ = {isa = PBXBuildFile; fileRef = 140472A9245966C6000367DA /* Main.storyboard */; };
		140472AD245966C8000367DA /* Assets.xcassets in Resources */ = {isa = PBXBuildFile; fileRef = 140472AC245966C8000367DA /* Assets.xcassets */; };
		140472B0245966C8000367DA /* LaunchScreen.storyboard in Resources */ = {isa = PBXBuildFile; fileRef = 140472AE245966C8000367DA /* LaunchScreen.storyboard */; };
		140472D2245A65ED000367DA /* PJTabBarController.swift in Sources */ = {isa = PBXBuildFile; fileRef = 140472D1245A65ED000367DA /* PJTabBarController.swift */; };
		140472D4245A662D000367DA /* PJNavigationController.swift in Sources */ = {isa = PBXBuildFile; fileRef = 140472D3245A662D000367DA /* PJNavigationController.swift */; };
		140472D6245A6651000367DA /* PJBaseViewController.swift in Sources */ = {isa = PBXBuildFile; fileRef = 140472D5245A6651000367DA /* PJBaseViewController.swift */; };
		140472D8245A6675000367DA /* PJBaseTableViewController.swift in Sources */ = {isa = PBXBuildFile; fileRef = 140472D7245A6675000367DA /* PJBaseTableViewController.swift */; };
		140472DA245A6934000367DA /* MeMainController.swift in Sources */ = {isa = PBXBuildFile; fileRef = 140472D9245A6934000367DA /* MeMainController.swift */; };
		140472DC245A6948000367DA /* HomeMainController.swift in Sources */ = {isa = PBXBuildFile; fileRef = 140472DB245A6948000367DA /* HomeMainController.swift */; };
		1487E3DC2462C02D00D7FA59 /* PJCustomNaviColorController.swift in Sources */ = {isa = PBXBuildFile; fileRef = 1487E3DB2462C02D00D7FA59 /* PJCustomNaviColorController.swift */; };
		1487E3E02463F74200D7FA59 /* Color+Extension.swift in Sources */ = {isa = PBXBuildFile; fileRef = 1487E3DF2463F74200D7FA59 /* Color+Extension.swift */; };
		1487E3E82463F92500D7FA59 /* UITextField+Extension.swift in Sources */ = {isa = PBXBuildFile; fileRef = 1487E3E12463F92500D7FA59 /* UITextField+Extension.swift */; };
		1487E3EA2463F92500D7FA59 /* UIButton+Extension.swift in Sources */ = {isa = PBXBuildFile; fileRef = 1487E3E32463F92500D7FA59 /* UIButton+Extension.swift */; };
		1487E3EB2463F92500D7FA59 /* WKWebView+Extension.swift in Sources */ = {isa = PBXBuildFile; fileRef = 1487E3E42463F92500D7FA59 /* WKWebView+Extension.swift */; };
		1487E3EC2463F92500D7FA59 /* Date+Extension.swift in Sources */ = {isa = PBXBuildFile; fileRef = 1487E3E52463F92500D7FA59 /* Date+Extension.swift */; };
		1487E3ED2463F92500D7FA59 /* String+Extension.swift in Sources */ = {isa = PBXBuildFile; fileRef = 1487E3E62463F92500D7FA59 /* String+Extension.swift */; };
		1487E3EE2463F92500D7FA59 /* UIView+Extension.swift in Sources */ = {isa = PBXBuildFile; fileRef = 1487E3E72463F92500D7FA59 /* UIView+Extension.swift */; };
		1487E3F02463FC3B00D7FA59 /* PJ_LabelExtension.swift in Sources */ = {isa = PBXBuildFile; fileRef = 1487E3EF2463FC3B00D7FA59 /* PJ_LabelExtension.swift */; };
		1487E3F22464008800D7FA59 /* PJ_ButtonExtension.swift in Sources */ = {isa = PBXBuildFile; fileRef = 1487E3F12464008800D7FA59 /* PJ_ButtonExtension.swift */; };
		1487E3F4246400A800D7FA59 /* PJ_TextFieldExtension.swift in Sources */ = {isa = PBXBuildFile; fileRef = 1487E3F3246400A800D7FA59 /* PJ_TextFieldExtension.swift */; };
		1487E3F6246400D100D7FA59 /* PJ_ImageViewExtension.swift in Sources */ = {isa = PBXBuildFile; fileRef = 1487E3F5246400D100D7FA59 /* PJ_ImageViewExtension.swift */; };
		1487E3F82464013000D7FA59 /* PJ_ViewExtension.swift in Sources */ = {isa = PBXBuildFile; fileRef = 1487E3F72464013000D7FA59 /* PJ_ViewExtension.swift */; };
		1487E3FA2464018600D7FA59 /* PJ_TextViewExtension.swift in Sources */ = {isa = PBXBuildFile; fileRef = 1487E3F92464018600D7FA59 /* PJ_TextViewExtension.swift */; };
		1487E3FC2464036700D7FA59 /* PJ_WKWebViewExtension.swift in Sources */ = {isa = PBXBuildFile; fileRef = 1487E3FB2464036700D7FA59 /* PJ_WKWebViewExtension.swift */; };
		1487E4092465047300D7FA59 /* View+MBHUD.swift in Sources */ = {isa = PBXBuildFile; fileRef = 1487E4042465047300D7FA59 /* View+MBHUD.swift */; };
		1487E40A2465047300D7FA59 /* UIViewController+MBHUD.swift in Sources */ = {isa = PBXBuildFile; fileRef = 1487E4052465047300D7FA59 /* UIViewController+MBHUD.swift */; };
		1487E40C2465594600D7FA59 /* hud_icon_success.png in Resources */ = {isa = PBXBuildFile; fileRef = 1487E40B2465594600D7FA59 /* hud_icon_success.png */; };
		1487E40F24655AE300D7FA59 /* hud_icon_error.png in Resources */ = {isa = PBXBuildFile; fileRef = 1487E40D24655AE300D7FA59 /* hud_icon_error.png */; };
		1487E41024655AE300D7FA59 /* hud_icon_info.png in Resources */ = {isa = PBXBuildFile; fileRef = 1487E40E24655AE300D7FA59 /* hud_icon_info.png */; };
		1487E41224655D5A00D7FA59 /* PJCommonConstant.swift in Sources */ = {isa = PBXBuildFile; fileRef = 1487E41124655D5A00D7FA59 /* PJCommonConstant.swift */; };
		1487E41424655DCF00D7FA59 /* PJSizeConstant.swift in Sources */ = {isa = PBXBuildFile; fileRef = 1487E41324655DCF00D7FA59 /* PJSizeConstant.swift */; };
		1487E41624655E2400D7FA59 /* PJColorConstant.swift in Sources */ = {isa = PBXBuildFile; fileRef = 1487E41524655E2400D7FA59 /* PJColorConstant.swift */; };
		1487E41824664AB600D7FA59 /* PJFontConstant.swift in Sources */ = {isa = PBXBuildFile; fileRef = 1487E41724664AB600D7FA59 /* PJFontConstant.swift */; };
		1487E41A24668D6600D7FA59 /* UIImage+Extension.swift in Sources */ = {isa = PBXBuildFile; fileRef = 1487E41924668D6600D7FA59 /* UIImage+Extension.swift */; };
		1487E41C2466B28D00D7FA59 /* UITextView+ Extension.swift in Sources */ = {isa = PBXBuildFile; fileRef = 1487E41B2466B28D00D7FA59 /* UITextView+ Extension.swift */; };
		1499928B2469305900EE786C /* PJBaseStackViewController.swift in Sources */ = {isa = PBXBuildFile; fileRef = 1499928A2469305900EE786C /* PJBaseStackViewController.swift */; };
		1499928D24693FEF00EE786C /* UITableView+Extension.swift in Sources */ = {isa = PBXBuildFile; fileRef = 1499928C24693FEF00EE786C /* UITableView+Extension.swift */; };
		1499929224694FEA00EE786C /* HomeNaviColor1VC.swift in Sources */ = {isa = PBXBuildFile; fileRef = 1499929124694FEA00EE786C /* HomeNaviColor1VC.swift */; };
		3CEB5490B435E9A5C4BCF11E /* Pods_SwiftDemoProject.framework in Frameworks */ = {isa = PBXBuildFile; fileRef = 517B35535A3A3AB1ECDDE2F2 /* Pods_SwiftDemoProject.framework */; };
/* End PBXBuildFile section */

/* Begin PBXFileReference section */
		140472A0245966C6000367DA /* SwiftDemoProject.app */ = {isa = PBXFileReference; explicitFileType = wrapper.application; includeInIndex = 0; path = SwiftDemoProject.app; sourceTree = BUILT_PRODUCTS_DIR; };
		140472A3245966C6000367DA /* AppDelegate.swift */ = {isa = PBXFileReference; lastKnownFileType = sourcecode.swift; path = AppDelegate.swift; sourceTree = "<group>"; };
		140472AA245966C6000367DA /* Base */ = {isa = PBXFileReference; lastKnownFileType = file.storyboard; name = Base; path = Base.lproj/Main.storyboard; sourceTree = "<group>"; };
		140472AC245966C8000367DA /* Assets.xcassets */ = {isa = PBXFileReference; lastKnownFileType = folder.assetcatalog; path = Assets.xcassets; sourceTree = "<group>"; };
		140472AF245966C8000367DA /* Base */ = {isa = PBXFileReference; lastKnownFileType = file.storyboard; name = Base; path = Base.lproj/LaunchScreen.storyboard; sourceTree = "<group>"; };
		140472B1245966C8000367DA /* Info.plist */ = {isa = PBXFileReference; lastKnownFileType = text.plist.xml; path = Info.plist; sourceTree = "<group>"; };
		140472B724597B5A000367DA /* SwiftDemoProject-Bridging-Header.h */ = {isa = PBXFileReference; lastKnownFileType = sourcecode.c.h; path = "SwiftDemoProject-Bridging-Header.h"; sourceTree = "<group>"; };
		140472D1245A65ED000367DA /* PJTabBarController.swift */ = {isa = PBXFileReference; lastKnownFileType = sourcecode.swift; path = PJTabBarController.swift; sourceTree = "<group>"; };
		140472D3245A662D000367DA /* PJNavigationController.swift */ = {isa = PBXFileReference; lastKnownFileType = sourcecode.swift; path = PJNavigationController.swift; sourceTree = "<group>"; };
		140472D5245A6651000367DA /* PJBaseViewController.swift */ = {isa = PBXFileReference; lastKnownFileType = sourcecode.swift; path = PJBaseViewController.swift; sourceTree = "<group>"; };
		140472D7245A6675000367DA /* PJBaseTableViewController.swift */ = {isa = PBXFileReference; lastKnownFileType = sourcecode.swift; path = PJBaseTableViewController.swift; sourceTree = "<group>"; };
		140472D9245A6934000367DA /* MeMainController.swift */ = {isa = PBXFileReference; lastKnownFileType = sourcecode.swift; path = MeMainController.swift; sourceTree = "<group>"; };
		140472DB245A6948000367DA /* HomeMainController.swift */ = {isa = PBXFileReference; lastKnownFileType = sourcecode.swift; path = HomeMainController.swift; sourceTree = "<group>"; };
		1487E3DB2462C02D00D7FA59 /* PJCustomNaviColorController.swift */ = {isa = PBXFileReference; lastKnownFileType = sourcecode.swift; path = PJCustomNaviColorController.swift; sourceTree = "<group>"; };
		1487E3DF2463F74200D7FA59 /* Color+Extension.swift */ = {isa = PBXFileReference; fileEncoding = 4; lastKnownFileType = sourcecode.swift; path = "Color+Extension.swift"; sourceTree = "<group>"; };
		1487E3E12463F92500D7FA59 /* UITextField+Extension.swift */ = {isa = PBXFileReference; fileEncoding = 4; lastKnownFileType = sourcecode.swift; path = "UITextField+Extension.swift"; sourceTree = "<group>"; };
		1487E3E32463F92500D7FA59 /* UIButton+Extension.swift */ = {isa = PBXFileReference; fileEncoding = 4; lastKnownFileType = sourcecode.swift; path = "UIButton+Extension.swift"; sourceTree = "<group>"; };
		1487E3E42463F92500D7FA59 /* WKWebView+Extension.swift */ = {isa = PBXFileReference; fileEncoding = 4; lastKnownFileType = sourcecode.swift; path = "WKWebView+Extension.swift"; sourceTree = "<group>"; };
		1487E3E52463F92500D7FA59 /* Date+Extension.swift */ = {isa = PBXFileReference; fileEncoding = 4; lastKnownFileType = sourcecode.swift; path = "Date+Extension.swift"; sourceTree = "<group>"; };
		1487E3E62463F92500D7FA59 /* String+Extension.swift */ = {isa = PBXFileReference; fileEncoding = 4; lastKnownFileType = sourcecode.swift; path = "String+Extension.swift"; sourceTree = "<group>"; };
		1487E3E72463F92500D7FA59 /* UIView+Extension.swift */ = {isa = PBXFileReference; fileEncoding = 4; lastKnownFileType = sourcecode.swift; path = "UIView+Extension.swift"; sourceTree = "<group>"; };
		1487E3EF2463FC3B00D7FA59 /* PJ_LabelExtension.swift */ = {isa = PBXFileReference; lastKnownFileType = sourcecode.swift; path = PJ_LabelExtension.swift; sourceTree = "<group>"; };
		1487E3F12464008800D7FA59 /* PJ_ButtonExtension.swift */ = {isa = PBXFileReference; lastKnownFileType = sourcecode.swift; path = PJ_ButtonExtension.swift; sourceTree = "<group>"; };
		1487E3F3246400A800D7FA59 /* PJ_TextFieldExtension.swift */ = {isa = PBXFileReference; lastKnownFileType = sourcecode.swift; path = PJ_TextFieldExtension.swift; sourceTree = "<group>"; };
		1487E3F5246400D100D7FA59 /* PJ_ImageViewExtension.swift */ = {isa = PBXFileReference; lastKnownFileType = sourcecode.swift; path = PJ_ImageViewExtension.swift; sourceTree = "<group>"; };
		1487E3F72464013000D7FA59 /* PJ_ViewExtension.swift */ = {isa = PBXFileReference; lastKnownFileType = sourcecode.swift; path = PJ_ViewExtension.swift; sourceTree = "<group>"; };
		1487E3F92464018600D7FA59 /* PJ_TextViewExtension.swift */ = {isa = PBXFileReference; lastKnownFileType = sourcecode.swift; path = PJ_TextViewExtension.swift; sourceTree = "<group>"; };
		1487E3FB2464036700D7FA59 /* PJ_WKWebViewExtension.swift */ = {isa = PBXFileReference; lastKnownFileType = sourcecode.swift; path = PJ_WKWebViewExtension.swift; sourceTree = "<group>"; };
		1487E4042465047300D7FA59 /* View+MBHUD.swift */ = {isa = PBXFileReference; fileEncoding = 4; lastKnownFileType = sourcecode.swift; path = "View+MBHUD.swift"; sourceTree = "<group>"; };
		1487E4052465047300D7FA59 /* UIViewController+MBHUD.swift */ = {isa = PBXFileReference; fileEncoding = 4; lastKnownFileType = sourcecode.swift; path = "UIViewController+MBHUD.swift"; sourceTree = "<group>"; };
		1487E40B2465594600D7FA59 /* hud_icon_success.png */ = {isa = PBXFileReference; lastKnownFileType = image.png; path = hud_icon_success.png; sourceTree = "<group>"; };
		1487E40D24655AE300D7FA59 /* hud_icon_error.png */ = {isa = PBXFileReference; lastKnownFileType = image.png; path = hud_icon_error.png; sourceTree = "<group>"; };
		1487E40E24655AE300D7FA59 /* hud_icon_info.png */ = {isa = PBXFileReference; lastKnownFileType = image.png; name = hud_icon_info.png; path = ../../../../../../../../Downloads/hud_icon_info.png; sourceTree = "<group>"; };
		1487E41124655D5A00D7FA59 /* PJCommonConstant.swift */ = {isa = PBXFileReference; lastKnownFileType = sourcecode.swift; path = PJCommonConstant.swift; sourceTree = "<group>"; };
		1487E41324655DCF00D7FA59 /* PJSizeConstant.swift */ = {isa = PBXFileReference; lastKnownFileType = sourcecode.swift; path = PJSizeConstant.swift; sourceTree = "<group>"; };
		1487E41524655E2400D7FA59 /* PJColorConstant.swift */ = {isa = PBXFileReference; lastKnownFileType = sourcecode.swift; path = PJColorConstant.swift; sourceTree = "<group>"; };
		1487E41724664AB600D7FA59 /* PJFontConstant.swift */ = {isa = PBXFileReference; lastKnownFileType = sourcecode.swift; path = PJFontConstant.swift; sourceTree = "<group>"; };
		1487E41924668D6600D7FA59 /* UIImage+Extension.swift */ = {isa = PBXFileReference; lastKnownFileType = sourcecode.swift; path = "UIImage+Extension.swift"; sourceTree = "<group>"; };
		1487E41B2466B28D00D7FA59 /* UITextView+ Extension.swift */ = {isa = PBXFileReference; lastKnownFileType = sourcecode.swift; path = "UITextView+ Extension.swift"; sourceTree = "<group>"; };
		1499928A2469305900EE786C /* PJBaseStackViewController.swift */ = {isa = PBXFileReference; lastKnownFileType = sourcecode.swift; path = PJBaseStackViewController.swift; sourceTree = "<group>"; };
		1499928C24693FEF00EE786C /* UITableView+Extension.swift */ = {isa = PBXFileReference; lastKnownFileType = sourcecode.swift; path = "UITableView+Extension.swift"; sourceTree = "<group>"; };
		1499929124694FEA00EE786C /* HomeNaviColor1VC.swift */ = {isa = PBXFileReference; lastKnownFileType = sourcecode.swift; path = HomeNaviColor1VC.swift; sourceTree = "<group>"; };
		14999293246953F200EE786C /* FLAnimatedImage.framework */ = {isa = PBXFileReference; explicitFileType = wrapper.framework; path = FLAnimatedImage.framework; sourceTree = BUILT_PRODUCTS_DIR; };
		29B7994FEB59996D46CE61AF /* Pods-SwiftDemoProject.debug.xcconfig */ = {isa = PBXFileReference; includeInIndex = 1; lastKnownFileType = text.xcconfig; name = "Pods-SwiftDemoProject.debug.xcconfig"; path = "Target Support Files/Pods-SwiftDemoProject/Pods-SwiftDemoProject.debug.xcconfig"; sourceTree = "<group>"; };
		517B35535A3A3AB1ECDDE2F2 /* Pods_SwiftDemoProject.framework */ = {isa = PBXFileReference; explicitFileType = wrapper.framework; includeInIndex = 0; path = Pods_SwiftDemoProject.framework; sourceTree = BUILT_PRODUCTS_DIR; };
		C92525CC53A4A0C24B4A0D76 /* Pods-SwiftDemoProject.release.xcconfig */ = {isa = PBXFileReference; includeInIndex = 1; lastKnownFileType = text.xcconfig; name = "Pods-SwiftDemoProject.release.xcconfig"; path = "Target Support Files/Pods-SwiftDemoProject/Pods-SwiftDemoProject.release.xcconfig"; sourceTree = "<group>"; };
/* End PBXFileReference section */

/* Begin PBXFrameworksBuildPhase section */
		1404729D245966C6000367DA /* Frameworks */ = {
			isa = PBXFrameworksBuildPhase;
			buildActionMask = 2147483647;
			files = (
				3CEB5490B435E9A5C4BCF11E /* Pods_SwiftDemoProject.framework in Frameworks */,
			);
			runOnlyForDeploymentPostprocessing = 0;
		};
/* End PBXFrameworksBuildPhase section */

/* Begin PBXGroup section */
		14047297245966C6000367DA = {
			isa = PBXGroup;
			children = (
				140472A2245966C6000367DA /* SwiftDemoProject */,
				140472A1245966C6000367DA /* Products */,
				302DABF0636F900222B59658 /* Pods */,
				D77221E340B8740492DD9FE0 /* Frameworks */,
			);
			sourceTree = "<group>";
		};
		140472A1245966C6000367DA /* Products */ = {
			isa = PBXGroup;
			children = (
				140472A0245966C6000367DA /* SwiftDemoProject.app */,
			);
			name = Products;
			sourceTree = "<group>";
		};
		140472A2245966C6000367DA /* SwiftDemoProject */ = {
			isa = PBXGroup;
			children = (
				140472D024598479000367DA /* Extension(通用拓展) */,
				140472BB24597BFD000367DA /* ThirdLib(第三方库) */,
				140472BD24597CC3000367DA /* APIs（服务器接口） */,
				140472C22459810B000367DA /* Base(基类) */,
				140472BC24597C65000367DA /* Common(公用) */,
				140472BE24597D18000367DA /* Pages（功能模块） */,
				140472A3245966C6000367DA /* AppDelegate.swift */,
				140472A9245966C6000367DA /* Main.storyboard */,
				140472AC245966C8000367DA /* Assets.xcassets */,
				140472AE245966C8000367DA /* LaunchScreen.storyboard */,
				140472B1245966C8000367DA /* Info.plist */,
				140472B724597B5A000367DA /* SwiftDemoProject-Bridging-Header.h */,
			);
			path = SwiftDemoProject;
			sourceTree = "<group>";
		};
		140472BB24597BFD000367DA /* ThirdLib(第三方库) */ = {
			isa = PBXGroup;
			children = (
				140472DD245A6EDC000367DA /* UIKit(第三方UI库) */,
			);
			path = "ThirdLib(第三方库)";
			sourceTree = "<group>";
		};
		140472BC24597C65000367DA /* Common(公用) */ = {
			isa = PBXGroup;
			children = (
				140472DE245A7297000367DA /* PJ_Service(服务器) */,
				140472BF24597E10000367DA /* PJ_Constant(公用常量) */,
				140472CF24598429000367DA /* PJ_Extension（此项目业务专用拓展） */,
				140472C024597F1E000367DA /* PJ_View (公用View) */,
				140472C124597FD2000367DA /* PJ_Tool (一些工具类) */,
			);
			path = "Common(公用)";
			sourceTree = "<group>";
		};
		140472BD24597CC3000367DA /* APIs（服务器接口） */ = {
			isa = PBXGroup;
			children = (
			);
			path = "APIs（服务器接口）";
			sourceTree = "<group>";
		};
		140472BE24597D18000367DA /* Pages（功能模块） */ = {
			isa = PBXGroup;
			children = (
				140472C424598234000367DA /* Me(模块一) */,
				140472C324598227000367DA /* Home（模块二） */,
			);
			path = "Pages（功能模块）";
			sourceTree = "<group>";
		};
		140472BF24597E10000367DA /* PJ_Constant(公用常量) */ = {
			isa = PBXGroup;
			children = (
				1487E41324655DCF00D7FA59 /* PJSizeConstant.swift */,
				1487E41724664AB600D7FA59 /* PJFontConstant.swift */,
				1487E41524655E2400D7FA59 /* PJColorConstant.swift */,
				1487E41124655D5A00D7FA59 /* PJCommonConstant.swift */,
			);
			path = "PJ_Constant(公用常量)";
			sourceTree = "<group>";
		};
		140472C024597F1E000367DA /* PJ_View (公用View) */ = {
			isa = PBXGroup;
			children = (
			);
			path = "PJ_View (公用View)";
			sourceTree = "<group>";
		};
		140472C124597FD2000367DA /* PJ_Tool (一些工具类) */ = {
			isa = PBXGroup;
			children = (
				1487E3FF2465047300D7FA59 /* MBHud */,
			);
			path = "PJ_Tool (一些工具类)";
			sourceTree = "<group>";
		};
		140472C22459810B000367DA /* Base(基类) */ = {
			isa = PBXGroup;
			children = (
				140472D1245A65ED000367DA /* PJTabBarController.swift */,
				140472D3245A662D000367DA /* PJNavigationController.swift */,
				140472D5245A6651000367DA /* PJBaseViewController.swift */,
				140472D7245A6675000367DA /* PJBaseTableViewController.swift */,
				1499928A2469305900EE786C /* PJBaseStackViewController.swift */,
			);
			path = "Base(基类)";
			sourceTree = "<group>";
		};
		140472C324598227000367DA /* Home（模块二） */ = {
			isa = PBXGroup;
			children = (
				140472C9245982FE000367DA /* Controller */,
				140472C8245982A5000367DA /* View */,
			);
			path = "Home（模块二）";
			sourceTree = "<group>";
		};
		140472C424598234000367DA /* Me(模块一) */ = {
			isa = PBXGroup;
			children = (
				140472CB2459835A000367DA /* Controller */,
				140472CA2459833F000367DA /* View */,
			);
			path = "Me(模块一)";
			sourceTree = "<group>";
		};
		140472C8245982A5000367DA /* View */ = {
			isa = PBXGroup;
			children = (
			);
			path = View;
			sourceTree = "<group>";
		};
		140472C9245982FE000367DA /* Controller */ = {
			isa = PBXGroup;
			children = (
				1499928E24694D1400EE786C /* NaviColor(导航颜色) */,
			);
			path = Controller;
			sourceTree = "<group>";
		};
		140472CA2459833F000367DA /* View */ = {
			isa = PBXGroup;
			children = (
			);
			path = View;
			sourceTree = "<group>";
		};
		140472CB2459835A000367DA /* Controller */ = {
			isa = PBXGroup;
			children = (
				140472D9245A6934000367DA /* MeMainController.swift */,
			);
			path = Controller;
			sourceTree = "<group>";
		};
		140472CF24598429000367DA /* PJ_Extension（此项目业务专用拓展） */ = {
			isa = PBXGroup;
			children = (
				1487E3EF2463FC3B00D7FA59 /* PJ_LabelExtension.swift */,
				1487E3F12464008800D7FA59 /* PJ_ButtonExtension.swift */,
				1487E3F3246400A800D7FA59 /* PJ_TextFieldExtension.swift */,
				1487E3F5246400D100D7FA59 /* PJ_ImageViewExtension.swift */,
				1487E3F72464013000D7FA59 /* PJ_ViewExtension.swift */,
				1487E3F92464018600D7FA59 /* PJ_TextViewExtension.swift */,
				1487E3FB2464036700D7FA59 /* PJ_WKWebViewExtension.swift */,
			);
			path = "PJ_Extension（此项目业务专用拓展）";
			sourceTree = "<group>";
		};
		140472D024598479000367DA /* Extension(通用拓展) */ = {
			isa = PBXGroup;
			children = (
				1487E3FE24640ABB00D7FA59 /* Foundation */,
				1487E3FD24640A9700D7FA59 /* UIKit */,
			);
			path = "Extension(通用拓展)";
			sourceTree = "<group>";
		};
		140472DD245A6EDC000367DA /* UIKit(第三方UI库) */ = {
			isa = PBXGroup;
			children = (
			);
			path = "UIKit(第三方UI库)";
			sourceTree = "<group>";
		};
		140472DE245A7297000367DA /* PJ_Service(服务器) */ = {
			isa = PBXGroup;
			children = (
			);
			path = "PJ_Service(服务器)";
			sourceTree = "<group>";
		};
		1487E3FD24640A9700D7FA59 /* UIKit */ = {
			isa = PBXGroup;
			children = (
				1487E3E72463F92500D7FA59 /* UIView+Extension.swift */,
				1487E41924668D6600D7FA59 /* UIImage+Extension.swift */,
				1487E3E32463F92500D7FA59 /* UIButton+Extension.swift */,
				1487E3E42463F92500D7FA59 /* WKWebView+Extension.swift */,
				1487E3E12463F92500D7FA59 /* UITextField+Extension.swift */,
				1487E41B2466B28D00D7FA59 /* UITextView+ Extension.swift */,
				1499928C24693FEF00EE786C /* UITableView+Extension.swift */,
			);
			path = UIKit;
			sourceTree = "<group>";
		};
		1487E3FE24640ABB00D7FA59 /* Foundation */ = {
			isa = PBXGroup;
			children = (
				1487E3DF2463F74200D7FA59 /* Color+Extension.swift */,
				1487E3E62463F92500D7FA59 /* String+Extension.swift */,
				1487E3E52463F92500D7FA59 /* Date+Extension.swift */,
			);
			path = Foundation;
			sourceTree = "<group>";
		};
		1487E3FF2465047300D7FA59 /* MBHud */ = {
			isa = PBXGroup;
			children = (
				1487E4002465047300D7FA59 /* Hud_bundle */,
				1487E4042465047300D7FA59 /* View+MBHUD.swift */,
				1487E4052465047300D7FA59 /* UIViewController+MBHUD.swift */,
			);
			path = MBHud;
			sourceTree = "<group>";
		};
		1487E4002465047300D7FA59 /* Hud_bundle */ = {
			isa = PBXGroup;
			children = (
				1487E40D24655AE300D7FA59 /* hud_icon_error.png */,
				1487E40E24655AE300D7FA59 /* hud_icon_info.png */,
				1487E40B2465594600D7FA59 /* hud_icon_success.png */,
			);
			path = Hud_bundle;
			sourceTree = "<group>";
		};
		1499928E24694D1400EE786C /* NaviColor(导航颜色) */ = {
			isa = PBXGroup;
			children = (
				140472DB245A6948000367DA /* HomeMainController.swift */,
				1487E3DB2462C02D00D7FA59 /* PJCustomNaviColorController.swift */,
				1499929124694FEA00EE786C /* HomeNaviColor1VC.swift */,
			);
			path = "NaviColor(导航颜色)";
			sourceTree = "<group>";
		};
		302DABF0636F900222B59658 /* Pods */ = {
			isa = PBXGroup;
			children = (
				29B7994FEB59996D46CE61AF /* Pods-SwiftDemoProject.debug.xcconfig */,
				C92525CC53A4A0C24B4A0D76 /* Pods-SwiftDemoProject.release.xcconfig */,
			);
			path = Pods;
			sourceTree = "<group>";
		};
		D77221E340B8740492DD9FE0 /* Frameworks */ = {
			isa = PBXGroup;
			children = (
				14999293246953F200EE786C /* FLAnimatedImage.framework */,
				517B35535A3A3AB1ECDDE2F2 /* Pods_SwiftDemoProject.framework */,
			);
			name = Frameworks;
			sourceTree = "<group>";
		};
/* End PBXGroup section */

/* Begin PBXNativeTarget section */
		1404729F245966C6000367DA /* SwiftDemoProject */ = {
			isa = PBXNativeTarget;
			buildConfigurationList = 140472B4245966C8000367DA /* Build configuration list for PBXNativeTarget "SwiftDemoProject" */;
			buildPhases = (
				A761D297534300747395FDA9 /* [CP] Check Pods Manifest.lock */,
				1404729C245966C6000367DA /* Sources */,
				1404729D245966C6000367DA /* Frameworks */,
				1404729E245966C6000367DA /* Resources */,
				F95EADED63FE9333A2D363AD /* [CP] Embed Pods Frameworks */,
			);
			buildRules = (
			);
			dependencies = (
			);
			name = SwiftDemoProject;
			productName = SwiftDemoProject;
			productReference = 140472A0245966C6000367DA /* SwiftDemoProject.app */;
			productType = "com.apple.product-type.application";
		};
/* End PBXNativeTarget section */

/* Begin PBXProject section */
		14047298245966C6000367DA /* Project object */ = {
			isa = PBXProject;
			attributes = {
				LastSwiftUpdateCheck = 1120;
				LastUpgradeCheck = 1120;
				ORGANIZATIONNAME = champ;
				TargetAttributes = {
					1404729F245966C6000367DA = {
						CreatedOnToolsVersion = 11.2.1;
						LastSwiftMigration = 1120;
					};
				};
			};
			buildConfigurationList = 1404729B245966C6000367DA /* Build configuration list for PBXProject "SwiftDemoProject" */;
			compatibilityVersion = "Xcode 9.3";
			developmentRegion = en;
			hasScannedForEncodings = 0;
			knownRegions = (
				en,
				Base,
			);
			mainGroup = 14047297245966C6000367DA;
			productRefGroup = 140472A1245966C6000367DA /* Products */;
			projectDirPath = "";
			projectRoot = "";
			targets = (
				1404729F245966C6000367DA /* SwiftDemoProject */,
			);
		};
/* End PBXProject section */

/* Begin PBXResourcesBuildPhase section */
		1404729E245966C6000367DA /* Resources */ = {
			isa = PBXResourcesBuildPhase;
			buildActionMask = 2147483647;
			files = (
				1487E41024655AE300D7FA59 /* hud_icon_info.png in Resources */,
				1487E40C2465594600D7FA59 /* hud_icon_success.png in Resources */,
				1487E40F24655AE300D7FA59 /* hud_icon_error.png in Resources */,
				140472B0245966C8000367DA /* LaunchScreen.storyboard in Resources */,
				140472AD245966C8000367DA /* Assets.xcassets in Resources */,
				140472AB245966C6000367DA /* Main.storyboard in Resources */,
			);
			runOnlyForDeploymentPostprocessing = 0;
		};
/* End PBXResourcesBuildPhase section */

/* Begin PBXShellScriptBuildPhase section */
		A761D297534300747395FDA9 /* [CP] Check Pods Manifest.lock */ = {
			isa = PBXShellScriptBuildPhase;
			buildActionMask = 2147483647;
			files = (
			);
			inputFileListPaths = (
			);
			inputPaths = (
				"${PODS_PODFILE_DIR_PATH}/Podfile.lock",
				"${PODS_ROOT}/Manifest.lock",
			);
			name = "[CP] Check Pods Manifest.lock";
			outputFileListPaths = (
			);
			outputPaths = (
				"$(DERIVED_FILE_DIR)/Pods-SwiftDemoProject-checkManifestLockResult.txt",
			);
			runOnlyForDeploymentPostprocessing = 0;
			shellPath = /bin/sh;
			shellScript = "diff \"${PODS_PODFILE_DIR_PATH}/Podfile.lock\" \"${PODS_ROOT}/Manifest.lock\" > /dev/null\nif [ $? != 0 ] ; then\n    # print error to STDERR\n    echo \"error: The sandbox is not in sync with the Podfile.lock. Run 'pod install' or update your CocoaPods installation.\" >&2\n    exit 1\nfi\n# This output is used by Xcode 'outputs' to avoid re-running this script phase.\necho \"SUCCESS\" > \"${SCRIPT_OUTPUT_FILE_0}\"\n";
			showEnvVarsInLog = 0;
		};
		F95EADED63FE9333A2D363AD /* [CP] Embed Pods Frameworks */ = {
			isa = PBXShellScriptBuildPhase;
			buildActionMask = 2147483647;
			files = (
			);
			inputFileListPaths = (
				"${PODS_ROOT}/Target Support Files/Pods-SwiftDemoProject/Pods-SwiftDemoProject-frameworks-${CONFIGURATION}-input-files.xcfilelist",
			);
			name = "[CP] Embed Pods Frameworks";
			outputFileListPaths = (
				"${PODS_ROOT}/Target Support Files/Pods-SwiftDemoProject/Pods-SwiftDemoProject-frameworks-${CONFIGURATION}-output-files.xcfilelist",
			);
			runOnlyForDeploymentPostprocessing = 0;
			shellPath = /bin/sh;
			shellScript = "\"${PODS_ROOT}/Target Support Files/Pods-SwiftDemoProject/Pods-SwiftDemoProject-frameworks.sh\"\n";
			showEnvVarsInLog = 0;
		};
/* End PBXShellScriptBuildPhase section */

/* Begin PBXSourcesBuildPhase section */
		1404729C245966C6000367DA /* Sources */ = {
			isa = PBXSourcesBuildPhase;
			buildActionMask = 2147483647;
			files = (
				140472D4245A662D000367DA /* PJNavigationController.swift in Sources */,
				1487E41224655D5A00D7FA59 /* PJCommonConstant.swift in Sources */,
				1487E3EE2463F92500D7FA59 /* UIView+Extension.swift in Sources */,
				1487E3E02463F74200D7FA59 /* Color+Extension.swift in Sources */,
				1487E41824664AB600D7FA59 /* PJFontConstant.swift in Sources */,
				1487E3FC2464036700D7FA59 /* PJ_WKWebViewExtension.swift in Sources */,
				1487E41C2466B28D00D7FA59 /* UITextView+ Extension.swift in Sources */,
				140472A4245966C6000367DA /* AppDelegate.swift in Sources */,
				1487E41624655E2400D7FA59 /* PJColorConstant.swift in Sources */,
				1487E41424655DCF00D7FA59 /* PJSizeConstant.swift in Sources */,
				1487E40A2465047300D7FA59 /* UIViewController+MBHUD.swift in Sources */,
				1499928B2469305900EE786C /* PJBaseStackViewController.swift in Sources */,
				1499929224694FEA00EE786C /* HomeNaviColor1VC.swift in Sources */,
				140472D2245A65ED000367DA /* PJTabBarController.swift in Sources */,
				1487E3F82464013000D7FA59 /* PJ_ViewExtension.swift in Sources */,
				1487E3EA2463F92500D7FA59 /* UIButton+Extension.swift in Sources */,
				1487E4092465047300D7FA59 /* View+MBHUD.swift in Sources */,
				1487E3F22464008800D7FA59 /* PJ_ButtonExtension.swift in Sources */,
				1487E3FA2464018600D7FA59 /* PJ_TextViewExtension.swift in Sources */,
				140472D8245A6675000367DA /* PJBaseTableViewController.swift in Sources */,
				1487E3F4246400A800D7FA59 /* PJ_TextFieldExtension.swift in Sources */,
				1487E3E82463F92500D7FA59 /* UITextField+Extension.swift in Sources */,
				140472DC245A6948000367DA /* HomeMainController.swift in Sources */,
				140472DA245A6934000367DA /* MeMainController.swift in Sources */,
				1487E3DC2462C02D00D7FA59 /* PJCustomNaviColorController.swift in Sources */,
				1487E3F6246400D100D7FA59 /* PJ_ImageViewExtension.swift in Sources */,
				1487E3EC2463F92500D7FA59 /* Date+Extension.swift in Sources */,
				1487E3EB2463F92500D7FA59 /* WKWebView+Extension.swift in Sources */,
				1487E3ED2463F92500D7FA59 /* String+Extension.swift in Sources */,
				1487E41A24668D6600D7FA59 /* UIImage+Extension.swift in Sources */,
				140472D6245A6651000367DA /* PJBaseViewController.swift in Sources */,
				1487E3F02463FC3B00D7FA59 /* PJ_LabelExtension.swift in Sources */,
				1499928D24693FEF00EE786C /* UITableView+Extension.swift in Sources */,
			);
			runOnlyForDeploymentPostprocessing = 0;
		};
/* End PBXSourcesBuildPhase section */

/* Begin PBXVariantGroup section */
		140472A9245966C6000367DA /* Main.storyboard */ = {
			isa = PBXVariantGroup;
			children = (
				140472AA245966C6000367DA /* Base */,
			);
			name = Main.storyboard;
			sourceTree = "<group>";
		};
		140472AE245966C8000367DA /* LaunchScreen.storyboard */ = {
			isa = PBXVariantGroup;
			children = (
				140472AF245966C8000367DA /* Base */,
			);
			name = LaunchScreen.storyboard;
			sourceTree = "<group>";
		};
/* End PBXVariantGroup section */

/* Begin XCBuildConfiguration section */
		140472B2245966C8000367DA /* Debug */ = {
			isa = XCBuildConfiguration;
			buildSettings = {
				ALWAYS_SEARCH_USER_PATHS = NO;
				CLANG_ANALYZER_NONNULL = YES;
				CLANG_ANALYZER_NUMBER_OBJECT_CONVERSION = YES_AGGRESSIVE;
				CLANG_CXX_LANGUAGE_STANDARD = "gnu++14";
				CLANG_CXX_LIBRARY = "libc++";
				CLANG_ENABLE_MODULES = YES;
				CLANG_ENABLE_OBJC_ARC = YES;
				CLANG_ENABLE_OBJC_WEAK = YES;
				CLANG_WARN_BLOCK_CAPTURE_AUTORELEASING = YES;
				CLANG_WARN_BOOL_CONVERSION = YES;
				CLANG_WARN_COMMA = YES;
				CLANG_WARN_CONSTANT_CONVERSION = YES;
				CLANG_WARN_DEPRECATED_OBJC_IMPLEMENTATIONS = YES;
				CLANG_WARN_DIRECT_OBJC_ISA_USAGE = YES_ERROR;
				CLANG_WARN_DOCUMENTATION_COMMENTS = YES;
				CLANG_WARN_EMPTY_BODY = YES;
				CLANG_WARN_ENUM_CONVERSION = YES;
				CLANG_WARN_INFINITE_RECURSION = YES;
				CLANG_WARN_INT_CONVERSION = YES;
				CLANG_WARN_NON_LITERAL_NULL_CONVERSION = YES;
				CLANG_WARN_OBJC_IMPLICIT_RETAIN_SELF = YES;
				CLANG_WARN_OBJC_LITERAL_CONVERSION = YES;
				CLANG_WARN_OBJC_ROOT_CLASS = YES_ERROR;
				CLANG_WARN_RANGE_LOOP_ANALYSIS = YES;
				CLANG_WARN_STRICT_PROTOTYPES = YES;
				CLANG_WARN_SUSPICIOUS_MOVE = YES;
				CLANG_WARN_UNGUARDED_AVAILABILITY = YES_AGGRESSIVE;
				CLANG_WARN_UNREACHABLE_CODE = YES;
				CLANG_WARN__DUPLICATE_METHOD_MATCH = YES;
				COPY_PHASE_STRIP = NO;
				DEBUG_INFORMATION_FORMAT = dwarf;
				ENABLE_STRICT_OBJC_MSGSEND = YES;
				ENABLE_TESTABILITY = YES;
				GCC_C_LANGUAGE_STANDARD = gnu11;
				GCC_DYNAMIC_NO_PIC = NO;
				GCC_NO_COMMON_BLOCKS = YES;
				GCC_OPTIMIZATION_LEVEL = 0;
				GCC_PREPROCESSOR_DEFINITIONS = (
					"DEBUG=1",
					"$(inherited)",
				);
				GCC_WARN_64_TO_32_BIT_CONVERSION = YES;
				GCC_WARN_ABOUT_RETURN_TYPE = YES_ERROR;
				GCC_WARN_UNDECLARED_SELECTOR = YES;
				GCC_WARN_UNINITIALIZED_AUTOS = YES_AGGRESSIVE;
				GCC_WARN_UNUSED_FUNCTION = YES;
				GCC_WARN_UNUSED_VARIABLE = YES;
				IPHONEOS_DEPLOYMENT_TARGET = 13.2;
				MTL_ENABLE_DEBUG_INFO = INCLUDE_SOURCE;
				MTL_FAST_MATH = YES;
				ONLY_ACTIVE_ARCH = YES;
				SDKROOT = iphoneos;
				SWIFT_ACTIVE_COMPILATION_CONDITIONS = DEBUG;
				SWIFT_OPTIMIZATION_LEVEL = "-Onone";
			};
			name = Debug;
		};
		140472B3245966C8000367DA /* Release */ = {
			isa = XCBuildConfiguration;
			buildSettings = {
				ALWAYS_SEARCH_USER_PATHS = NO;
				CLANG_ANALYZER_NONNULL = YES;
				CLANG_ANALYZER_NUMBER_OBJECT_CONVERSION = YES_AGGRESSIVE;
				CLANG_CXX_LANGUAGE_STANDARD = "gnu++14";
				CLANG_CXX_LIBRARY = "libc++";
				CLANG_ENABLE_MODULES = YES;
				CLANG_ENABLE_OBJC_ARC = YES;
				CLANG_ENABLE_OBJC_WEAK = YES;
				CLANG_WARN_BLOCK_CAPTURE_AUTORELEASING = YES;
				CLANG_WARN_BOOL_CONVERSION = YES;
				CLANG_WARN_COMMA = YES;
				CLANG_WARN_CONSTANT_CONVERSION = YES;
				CLANG_WARN_DEPRECATED_OBJC_IMPLEMENTATIONS = YES;
				CLANG_WARN_DIRECT_OBJC_ISA_USAGE = YES_ERROR;
				CLANG_WARN_DOCUMENTATION_COMMENTS = YES;
				CLANG_WARN_EMPTY_BODY = YES;
				CLANG_WARN_ENUM_CONVERSION = YES;
				CLANG_WARN_INFINITE_RECURSION = YES;
				CLANG_WARN_INT_CONVERSION = YES;
				CLANG_WARN_NON_LITERAL_NULL_CONVERSION = YES;
				CLANG_WARN_OBJC_IMPLICIT_RETAIN_SELF = YES;
				CLANG_WARN_OBJC_LITERAL_CONVERSION = YES;
				CLANG_WARN_OBJC_ROOT_CLASS = YES_ERROR;
				CLANG_WARN_RANGE_LOOP_ANALYSIS = YES;
				CLANG_WARN_STRICT_PROTOTYPES = YES;
				CLANG_WARN_SUSPICIOUS_MOVE = YES;
				CLANG_WARN_UNGUARDED_AVAILABILITY = YES_AGGRESSIVE;
				CLANG_WARN_UNREACHABLE_CODE = YES;
				CLANG_WARN__DUPLICATE_METHOD_MATCH = YES;
				COPY_PHASE_STRIP = NO;
				DEBUG_INFORMATION_FORMAT = "dwarf-with-dsym";
				ENABLE_NS_ASSERTIONS = NO;
				ENABLE_STRICT_OBJC_MSGSEND = YES;
				GCC_C_LANGUAGE_STANDARD = gnu11;
				GCC_NO_COMMON_BLOCKS = YES;
				GCC_WARN_64_TO_32_BIT_CONVERSION = YES;
				GCC_WARN_ABOUT_RETURN_TYPE = YES_ERROR;
				GCC_WARN_UNDECLARED_SELECTOR = YES;
				GCC_WARN_UNINITIALIZED_AUTOS = YES_AGGRESSIVE;
				GCC_WARN_UNUSED_FUNCTION = YES;
				GCC_WARN_UNUSED_VARIABLE = YES;
				IPHONEOS_DEPLOYMENT_TARGET = 13.2;
				MTL_ENABLE_DEBUG_INFO = NO;
				MTL_FAST_MATH = YES;
				SDKROOT = iphoneos;
				SWIFT_COMPILATION_MODE = wholemodule;
				SWIFT_OPTIMIZATION_LEVEL = "-O";
				VALIDATE_PRODUCT = YES;
			};
			name = Release;
		};
		140472B5245966C8000367DA /* Debug */ = {
			isa = XCBuildConfiguration;
			baseConfigurationReference = 29B7994FEB59996D46CE61AF /* Pods-SwiftDemoProject.debug.xcconfig */;
			buildSettings = {
				ASSETCATALOG_COMPILER_APPICON_NAME = AppIcon;
				CLANG_ENABLE_MODULES = YES;
				CODE_SIGN_STYLE = Automatic;
				DEVELOPMENT_TEAM = N5JDYFWB35;
				INFOPLIST_FILE = SwiftDemoProject/Info.plist;
				IPHONEOS_DEPLOYMENT_TARGET = 10.0;
				LD_RUNPATH_SEARCH_PATHS = (
					"$(inherited)",
					"@executable_path/Frameworks",
				);
				PRODUCT_BUNDLE_IDENTIFIER = champ.SwiftDemoProject;
				PRODUCT_NAME = "$(TARGET_NAME)";
				SWIFT_OBJC_BRIDGING_HEADER = "SwiftDemoProject/SwiftDemoProject-Bridging-Header.h";
				SWIFT_OPTIMIZATION_LEVEL = "-Onone";
				SWIFT_VERSION = 5.0;
				TARGETED_DEVICE_FAMILY = "1,2";
			};
			name = Debug;
		};
		140472B6245966C8000367DA /* Release */ = {
			isa = XCBuildConfiguration;
			baseConfigurationReference = C92525CC53A4A0C24B4A0D76 /* Pods-SwiftDemoProject.release.xcconfig */;
			buildSettings = {
				ASSETCATALOG_COMPILER_APPICON_NAME = AppIcon;
				CLANG_ENABLE_MODULES = YES;
				CODE_SIGN_STYLE = Automatic;
				DEVELOPMENT_TEAM = N5JDYFWB35;
				INFOPLIST_FILE = SwiftDemoProject/Info.plist;
				IPHONEOS_DEPLOYMENT_TARGET = 10.0;
				LD_RUNPATH_SEARCH_PATHS = (
					"$(inherited)",
					"@executable_path/Frameworks",
				);
				PRODUCT_BUNDLE_IDENTIFIER = champ.SwiftDemoProject;
				PRODUCT_NAME = "$(TARGET_NAME)";
				SWIFT_OBJC_BRIDGING_HEADER = "SwiftDemoProject/SwiftDemoProject-Bridging-Header.h";
				SWIFT_VERSION = 5.0;
				TARGETED_DEVICE_FAMILY = "1,2";
			};
			name = Release;
		};
/* End XCBuildConfiguration section */

/* Begin XCConfigurationList section */
		1404729B245966C6000367DA /* Build configuration list for PBXProject "SwiftDemoProject" */ = {
			isa = XCConfigurationList;
			buildConfigurations = (
				140472B2245966C8000367DA /* Debug */,
				140472B3245966C8000367DA /* Release */,
			);
			defaultConfigurationIsVisible = 0;
			defaultConfigurationName = Release;
		};
		140472B4245966C8000367DA /* Build configuration list for PBXNativeTarget "SwiftDemoProject" */ = {
			isa = XCConfigurationList;
			buildConfigurations = (
				140472B5245966C8000367DA /* Debug */,
				140472B6245966C8000367DA /* Release */,
			);
			defaultConfigurationIsVisible = 0;
			defaultConfigurationName = Release;
		};
/* End XCConfigurationList section */
	};
	rootObject = 14047298245966C6000367DA /* Project object */;
}
